
Microsoft Visual Studio Solution File, Format Version 12.00
# Visual Studio Version 17
VisualStudioVersion = 17.12.35707.178
MinimumVisualStudioVersion = 10.0.40219.1
Project("{FAE04EC0-301F-11D3-BF4B-00C04F79EFBC}") = "PSTDotNetTrainingBatch5.ConsoleApp", "PSTDotNetTrainingBatch5.ConsoleApp\PSTDotNetTrainingBatch5.ConsoleApp.csproj", "{067456E6-4321-482A-9A94-46368F084223}"
EndProject
Project("{2150E333-8FDC-42A3-9474-1A3956D46DE8}") = "Documents", "Documents", "{80B4AD79-A648-45C2-8ED7-3B2CD739E6F3}"
	ProjectSection(SolutionItems) = preProject
		README.md = README.md
	EndProjectSection
EndProject
Project("{FAE04EC0-301F-11D3-BF4B-00C04F79EFBC}") = "PSTDotNetTrainingBatch5.Database", "PSTDotNetTrainingBatch5.Database\PSTDotNetTrainingBatch5.Database.csproj", "{0222AC4F-64B9-4023-A1A4-39D7D83508C9}"
EndProject
Project("{FAE04EC0-301F-11D3-BF4B-00C04F79EFBC}") = "PSTDotNetTrainingBatch5.ConsoleApp2", "PSTDotNetTrainingBatch5.ConsoleApp2\PSTDotNetTrainingBatch5.ConsoleApp2.csproj", "{8A6D81A3-88F4-41BD-93DD-476E4A908F1B}"
EndProject
Project("{FAE04EC0-301F-11D3-BF4B-00C04F79EFBC}") = "PSTDotNetTrainingBatch5.RestApi", "PSTDotNetTrainingBatch5.RestApi\PSTDotNetTrainingBatch5.RestApi.csproj", "{10EE9A66-D5BE-4F91-9D1F-81D60E0B05F4}"
EndProject
Project("{FAE04EC0-301F-11D3-BF4B-00C04F79EFBC}") = "PSTDotNetTrainingBatch5.Shared", "PSTDotNetTrainingBatch5.Shared\PSTDotNetTrainingBatch5.Shared.csproj", "{4253AB65-E03E-4AAC-B006-BBD80E0D6FCE}"
EndProject
Project("{FAE04EC0-301F-11D3-BF4B-00C04F79EFBC}") = "PSTDotNetTrainingBatch5.MinimalApi", "PSTDotNetTrainingBatch5.MinimalApi\PSTDotNetTrainingBatch5.MinimalApi.csproj", "{9254AE66-39B9-49C6-B612-CD19798FDC43}"
EndProject
Project("{FAE04EC0-301F-11D3-BF4B-00C04F79EFBC}") = "PSTDotNetTrainingBatch5.BirdMinimalApi", "PSTDotNetTrainingBatch5.BirdMinimalApi\PSTDotNetTrainingBatch5.BirdMinimalApi.csproj", "{19811AA6-15B2-42E7-A223-6BC0811BC1EE}"
EndProject
Global
	GlobalSection(SolutionConfigurationPlatforms) = preSolution
		Debug|Any CPU = Debug|Any CPU
		Release|Any CPU = Release|Any CPU
	EndGlobalSection
	GlobalSection(ProjectConfigurationPlatforms) = postSolution
		{067456E6-4321-482A-9A94-46368F084223}.Debug|Any CPU.ActiveCfg = Debug|Any CPU
		{067456E6-4321-482A-9A94-46368F084223}.Debug|Any CPU.Build.0 = Debug|Any CPU
		{067456E6-4321-482A-9A94-46368F084223}.Release|Any CPU.ActiveCfg = Release|Any CPU
		{067456E6-4321-482A-9A94-46368F084223}.Release|Any CPU.Build.0 = Release|Any CPU
		{0222AC4F-64B9-4023-A1A4-39D7D83508C9}.Debug|Any CPU.ActiveCfg = Debug|Any CPU
		{0222AC4F-64B9-4023-A1A4-39D7D83508C9}.Debug|Any CPU.Build.0 = Debug|Any CPU
		{0222AC4F-64B9-4023-A1A4-39D7D83508C9}.Release|Any CPU.ActiveCfg = Release|Any CPU
		{0222AC4F-64B9-4023-A1A4-39D7D83508C9}.Release|Any CPU.Build.0 = Release|Any CPU
		{8A6D81A3-88F4-41BD-93DD-476E4A908F1B}.Debug|Any CPU.ActiveCfg = Debug|Any CPU
		{8A6D81A3-88F4-41BD-93DD-476E4A908F1B}.Debug|Any CPU.Build.0 = Debug|Any CPU
		{8A6D81A3-88F4-41BD-93DD-476E4A908F1B}.Release|Any CPU.ActiveCfg = Release|Any CPU
		{8A6D81A3-88F4-41BD-93DD-476E4A908F1B}.Release|Any CPU.Build.0 = Release|Any CPU
		{10EE9A66-D5BE-4F91-9D1F-81D60E0B05F4}.Debug|Any CPU.ActiveCfg = Debug|Any CPU
		{10EE9A66-D5BE-4F91-9D1F-81D60E0B05F4}.Debug|Any CPU.Build.0 = Debug|Any CPU
		{10EE9A66-D5BE-4F91-9D1F-81D60E0B05F4}.Release|Any CPU.ActiveCfg = Release|Any CPU
		{10EE9A66-D5BE-4F91-9D1F-81D60E0B05F4}.Release|Any CPU.Build.0 = Release|Any CPU
		{4253AB65-E03E-4AAC-B006-BBD80E0D6FCE}.Debug|Any CPU.ActiveCfg = Debug|Any CPU
		{4253AB65-E03E-4AAC-B006-BBD80E0D6FCE}.Debug|Any CPU.Build.0 = Debug|Any CPU
		{4253AB65-E03E-4AAC-B006-BBD80E0D6FCE}.Release|Any CPU.ActiveCfg = Release|Any CPU
		{4253AB65-E03E-4AAC-B006-BBD80E0D6FCE}.Release|Any CPU.Build.0 = Release|Any CPU
		{9254AE66-39B9-49C6-B612-CD19798FDC43}.Debug|Any CPU.ActiveCfg = Debug|Any CPU
		{9254AE66-39B9-49C6-B612-CD19798FDC43}.Debug|Any CPU.Build.0 = Debug|Any CPU
		{9254AE66-39B9-49C6-B612-CD19798FDC43}.Release|Any CPU.ActiveCfg = Release|Any CPU
		{9254AE66-39B9-49C6-B612-CD19798FDC43}.Release|Any CPU.Build.0 = Release|Any CPU
		{19811AA6-15B2-42E7-A223-6BC0811BC1EE}.Debug|Any CPU.ActiveCfg = Debug|Any CPU
		{19811AA6-15B2-42E7-A223-6BC0811BC1EE}.Debug|Any CPU.Build.0 = Debug|Any CPU
		{19811AA6-15B2-42E7-A223-6BC0811BC1EE}.Release|Any CPU.ActiveCfg = Release|Any CPU
		{19811AA6-15B2-42E7-A223-6BC0811BC1EE}.Release|Any CPU.Build.0 = Release|Any CPU
	EndGlobalSection
	GlobalSection(SolutionProperties) = preSolution
		HideSolutionNode = FALSE
	EndGlobalSection
EndGlobal
